PODS:
  - catcher (0.0.1):
    - Flutter
  - clipboard_manager (0.0.3):
    - Flutter
  - connectivity (0.0.1):
    - Flutter
    - Reachability
  - device_info (0.0.1):
    - Flutter
  - Flutter (1.0.0)
  - flutter_mailer (0.0.1):
    - Flutter
  - flutter_money_formatter (0.0.1):
    - Flutter
  - fluttertoast (0.0.2):
    - Flutter
  - package_info (0.0.1):
    - Flutter
  - Reachability (3.2)
  - shared_preferences (0.0.1):
    - Flutter
  - url_launcher (0.0.1):
    - Flutter

DEPENDENCIES:
  - catcher (from `.symlinks/plugins/catcher/ios`)
  - clipboard_manager (from `.symlinks/plugins/clipboard_manager/ios`)
  - connectivity (from `.symlinks/plugins/connectivity/ios`)
  - device_info (from `.symlinks/plugins/device_info/ios`)
  - Flutter (from `Flutter`)
  - flutter_mailer (from `.symlinks/plugins/flutter_mailer/ios`)
  - flutter_money_formatter (from `.symlinks/plugins/flutter_money_formatter/ios`)
  - fluttertoast (from `.symlinks/plugins/fluttertoast/ios`)
  - package_info (from `.symlinks/plugins/package_info/ios`)
  - shared_preferences (from `.symlinks/plugins/shared_preferences/ios`)
  - url_launcher (from `.symlinks/plugins/url_launcher/ios`)

SPEC REPOS:
  trunk:
    - Reachability

EXTERNAL SOURCES:
  catcher:
    :path: ".symlinks/plugins/catcher/ios"
  clipboard_manager:
    :path: ".symlinks/plugins/clipboard_manager/ios"
  connectivity:
    :path: ".symlinks/plugins/connectivity/ios"
  device_info:
    :path: ".symlinks/plugins/device_info/ios"
  Flutter:
    :path: Flutter
  flutter_mailer:
    :path: ".symlinks/plugins/flutter_mailer/ios"
  flutter_money_formatter:
    :path: ".symlinks/plugins/flutter_money_formatter/ios"
  fluttertoast:
    :path: ".symlinks/plugins/fluttertoast/ios"
  package_info:
    :path: ".symlinks/plugins/package_info/ios"
  shared_preferences:
    :path: ".symlinks/plugins/shared_preferences/ios"
  url_launcher:
    :path: ".symlinks/plugins/url_launcher/ios"

SPEC CHECKSUMS:
  catcher: e5585ed31458c849f4fd9c3719b2fcb0188b8918
  clipboard_manager: f4800834e62cc26b1cc4e0a92a35cd452dd8b827
  connectivity: c4130b2985d4ef6fd26f9702e886bd5260681467
  device_info: d7d233b645a32c40dfdc212de5cf646ca482f175
  Flutter: 0e3d915762c693b495b44d77113d4970485de6ec
  flutter_mailer: 2ef5a67087bc8c6c4cefd04a178bf1ae2c94cd83
  flutter_money_formatter: d0d18ddc5be333fad8d09964d741b59fa11a91dc
  fluttertoast: b644586ef3b16f67fae9a1f8754cef6b2d6b634b
  package_info: 873975fc26034f0b863a300ad47e7f1ac6c7ec62
  Reachability: 33e18b67625424e47b6cde6d202dce689ad7af96
  shared_preferences: af6bfa751691cdc24be3045c43ec037377ada40d
  url_launcher: 6fef411d543ceb26efce54b05a0a40bfd74cbbef

PODFILE CHECKSUM: aafe91acc616949ddb318b77800a7f51bffa2a4c

COCOAPODS: 1.10.0.beta.2
